
Microsoft Visual Studio Solution File, Format Version 12.00
# Visual Studio 14
VisualStudioVersion = 14.0.24720.0
MinimumVisualStudioVersion = 10.0.40219.1
Project("{FAE04EC0-301F-11D3-BF4B-00C04F79EFBC}") = "Core", "Core\Core.csproj", "{41ACBEF1-B159-4C49-A0F9-A07911617B52}"
EndProject
Project("{2150E333-8FDC-42A3-9474-1A3956D46DE8}") = "Examples", "Examples", "{79E45F9D-B161-4C12-AB0D-306B0051717E}"
EndProject
Project("{FAE04EC0-301F-11D3-BF4B-00C04F79EFBC}") = "4-ShapesDemo", "ShapesDemo\4-ShapesDemo.csproj", "{5A76A5C4-2E85-470B-8039-87565D625F6E}"
EndProject
Project("{2150E333-8FDC-42A3-9474-1A3956D46DE8}") = "Solution Items", "Solution Items", "{177C5CB8-FF8B-4CBC-9D3F-25878D8E7501}"
	ProjectSection(SolutionItems) = preProject
		blog-template.html = blog-template.html
		Index.html = Index.html
		..\LICENSE.txt = ..\LICENSE.txt
		..\README.md = ..\README.md
	EndProjectSection
EndProject
Project("{FAE04EC0-301F-11D3-BF4B-00C04F79EFBC}") = "CosCalculator", "CosCalculator\CosCalculator.csproj", "{CA1437FE-E75B-4F82-A3A4-2076B608CCD2}"
EndProject
Project("{2150E333-8FDC-42A3-9474-1A3956D46DE8}") = "Utilities", "Utilities", "{67416F3C-2867-486D-9AED-D8060761C148}"
EndProject
Project("{FAE04EC0-301F-11D3-BF4B-00C04F79EFBC}") = "Algorithms", "Algorithms\Algorithms.csproj", "{04C39BF4-5711-40EF-8472-1483A1DF7825}"
EndProject
Project("{2150E333-8FDC-42A3-9474-1A3956D46DE8}") = "DirectX11", "DirectX11", "{16C6CAB6-7D86-4043-98AE-7621BC136AA1}"
EndProject
Global
	GlobalSection(SolutionConfigurationPlatforms) = preSolution
		Debug|Any CPU = Debug|Any CPU
		Release|Any CPU = Release|Any CPU
		voronoi|Any CPU = voronoi|Any CPU
	EndGlobalSection
	GlobalSection(ProjectConfigurationPlatforms) = postSolution
		{41ACBEF1-B159-4C49-A0F9-A07911617B52}.Debug|Any CPU.ActiveCfg = Debug|Any CPU
		{41ACBEF1-B159-4C49-A0F9-A07911617B52}.Debug|Any CPU.Build.0 = Debug|Any CPU
		{41ACBEF1-B159-4C49-A0F9-A07911617B52}.Release|Any CPU.ActiveCfg = Release|Any CPU
		{41ACBEF1-B159-4C49-A0F9-A07911617B52}.Release|Any CPU.Build.0 = Release|Any CPU
		{41ACBEF1-B159-4C49-A0F9-A07911617B52}.voronoi|Any CPU.ActiveCfg = voronoi|Any CPU
		{41ACBEF1-B159-4C49-A0F9-A07911617B52}.voronoi|Any CPU.Build.0 = voronoi|Any CPU
		{5A76A5C4-2E85-470B-8039-87565D625F6E}.Debug|Any CPU.ActiveCfg = Debug|Any CPU
		{5A76A5C4-2E85-470B-8039-87565D625F6E}.Debug|Any CPU.Build.0 = Debug|Any CPU
		{5A76A5C4-2E85-470B-8039-87565D625F6E}.Release|Any CPU.ActiveCfg = Release|Any CPU
		{5A76A5C4-2E85-470B-8039-87565D625F6E}.Release|Any CPU.Build.0 = Release|Any CPU
		{5A76A5C4-2E85-470B-8039-87565D625F6E}.voronoi|Any CPU.ActiveCfg = voronoi|Any CPU
		{CA1437FE-E75B-4F82-A3A4-2076B608CCD2}.Debug|Any CPU.ActiveCfg = Debug|Any CPU
		{CA1437FE-E75B-4F82-A3A4-2076B608CCD2}.Debug|Any CPU.Build.0 = Debug|Any CPU
		{CA1437FE-E75B-4F82-A3A4-2076B608CCD2}.Release|Any CPU.ActiveCfg = Release|Any CPU
		{CA1437FE-E75B-4F82-A3A4-2076B608CCD2}.Release|Any CPU.Build.0 = Release|Any CPU
		{CA1437FE-E75B-4F82-A3A4-2076B608CCD2}.voronoi|Any CPU.ActiveCfg = voronoi|Any CPU
		{04C39BF4-5711-40EF-8472-1483A1DF7825}.Debug|Any CPU.ActiveCfg = Debug|Any CPU
		{04C39BF4-5711-40EF-8472-1483A1DF7825}.Debug|Any CPU.Build.0 = Debug|Any CPU
		{04C39BF4-5711-40EF-8472-1483A1DF7825}.Release|Any CPU.ActiveCfg = Release|Any CPU
		{04C39BF4-5711-40EF-8472-1483A1DF7825}.Release|Any CPU.Build.0 = Release|Any CPU
		{04C39BF4-5711-40EF-8472-1483A1DF7825}.voronoi|Any CPU.ActiveCfg = Release|Any CPU
		{04C39BF4-5711-40EF-8472-1483A1DF7825}.voronoi|Any CPU.Build.0 = Release|Any CPU
	EndGlobalSection
	GlobalSection(SolutionProperties) = preSolution
		HideSolutionNode = FALSE
	EndGlobalSection
	GlobalSection(NestedProjects) = preSolution
		{5A76A5C4-2E85-470B-8039-87565D625F6E} = {16C6CAB6-7D86-4043-98AE-7621BC136AA1}
		{CA1437FE-E75B-4F82-A3A4-2076B608CCD2} = {67416F3C-2867-486D-9AED-D8060761C148}
		{16C6CAB6-7D86-4043-98AE-7621BC136AA1} = {79E45F9D-B161-4C12-AB0D-306B0051717E}
	EndGlobalSection
	GlobalSection(CodealikeProperties) = postSolution
		SolutionGuid = 9875458a-9274-46e6-a11e-e68a4f2ef5c7
	EndGlobalSection
EndGlobal
